
Microsoft Visual Studio Solution File, Format Version 12.00
# Visual Studio Version 17
VisualStudioVersion = 17.5.33530.505
MinimumVisualStudioVersion = 10.0.40219.1
Project("{2150E333-8FDC-42A3-9474-1A3956D46DE8}") = "Application-Layer", "Application-Layer", "{5095A63E-0C95-4352-8E6B-4586A9340BFB}"
EndProject
Project("{2150E333-8FDC-42A3-9474-1A3956D46DE8}") = "BusinessLogic-Layer", "BusinessLogic-Layer", "{AAC7D1B4-C636-471D-8894-B1FA3D7995FB}"
EndProject
Project("{2150E333-8FDC-42A3-9474-1A3956D46DE8}") = "DataAccess-Layer", "DataAccess-Layer", "{DD5CE7AE-185C-4AB5-A7AD-9CCB6051E804}"
EndProject
Project("{2150E333-8FDC-42A3-9474-1A3956D46DE8}") = "Test-Layer", "Test-Layer", "{2A1A75C2-9A91-4588-9ADD-046CB14463CA}"
EndProject
Project("{9A19103F-16F7-4668-BE54-9A1E7A4F7556}") = "EasyMicroservices.SupportsMicroservice.ConsoleApp", "EasyMicroservices.SupportsMicroservice.ConsoleApp\EasyMicroservices.SupportsMicroservice.ConsoleApp.csproj", "{6C20E582-6C19-4876-80DF-1657BE05E9C6}"
EndProject
Project("{9A19103F-16F7-4668-BE54-9A1E7A4F7556}") = "EasyMicroservices.SupportsMicroservice.WebApi", "EasyMicroservices.SupportsMicroservice.WebApi\EasyMicroservices.SupportsMicroservice.WebApi.csproj", "{854A3BAE-FA97-497B-A46D-0D64BB07A3D6}"
EndProject
Project("{9A19103F-16F7-4668-BE54-9A1E7A4F7556}") = "EasyMicroservices.SupportsMicroservice.Logics", "EasyMicroservices.SupportsMicroservice.Logics\EasyMicroservices.SupportsMicroservice.Logics.csproj", "{E8CBCF57-5CB3-48D6-AFB5-796AC5B6CEF0}"
EndProject
Project("{9A19103F-16F7-4668-BE54-9A1E7A4F7556}") = "EasyMicroservices.SupportsMicroservice.StartUp", "EasyMicroservices.SupportsMicroservice.StartUp\EasyMicroservices.SupportsMicroservice.StartUp.csproj", "{65F43F5A-953C-4A6D-BE3F-5492FC69F3EB}"
EndProject
Project("{9A19103F-16F7-4668-BE54-9A1E7A4F7556}") = "EasyMicroservices.SupportsMicroservice.Database", "EasyMicroservices.SupportsMicroservice.Database\EasyMicroservices.SupportsMicroservice.Database.csproj", "{6B45CABC-0853-451A-BAD7-270DDE23F155}"
EndProject
Project("{9A19103F-16F7-4668-BE54-9A1E7A4F7556}") = "EasyMicroservices.SupportsMicroservice.Domain", "EasyMicroservices.SupportsMicroservice.Domain\EasyMicroservices.SupportsMicroservice.Domain.csproj", "{3953230A-A3AC-414C-8A26-2E1D4605D270}"
EndProject
Project("{9A19103F-16F7-4668-BE54-9A1E7A4F7556}") = "EasyMicroservices.SupportsMicroservice.Tests", "EasyMicroservices.SupportsMicroservice.Tests\EasyMicroservices.SupportsMicroservice.Tests.csproj", "{27A6C94E-AFF2-4104-9F5D-8E585F890709}"
EndProject
Global
	GlobalSection(SolutionConfigurationPlatforms) = preSolution
		Debug|Any CPU = Debug|Any CPU
		Debug|x64 = Debug|x64
		Debug|x86 = Debug|x86
		Release|Any CPU = Release|Any CPU
		Release|x64 = Release|x64
		Release|x86 = Release|x86
	EndGlobalSection
	GlobalSection(ProjectConfigurationPlatforms) = postSolution
		{6C20E582-6C19-4876-80DF-1657BE05E9C6}.Debug|Any CPU.ActiveCfg = Debug|Any CPU
		{6C20E582-6C19-4876-80DF-1657BE05E9C6}.Debug|Any CPU.Build.0 = Debug|Any CPU
		{6C20E582-6C19-4876-80DF-1657BE05E9C6}.Debug|x64.ActiveCfg = Debug|Any CPU
		{6C20E582-6C19-4876-80DF-1657BE05E9C6}.Debug|x64.Build.0 = Debug|Any CPU
		{6C20E582-6C19-4876-80DF-1657BE05E9C6}.Debug|x86.ActiveCfg = Debug|Any CPU
		{6C20E582-6C19-4876-80DF-1657BE05E9C6}.Debug|x86.Build.0 = Debug|Any CPU
		{6C20E582-6C19-4876-80DF-1657BE05E9C6}.Release|Any CPU.ActiveCfg = Release|Any CPU
		{6C20E582-6C19-4876-80DF-1657BE05E9C6}.Release|Any CPU.Build.0 = Release|Any CPU
		{6C20E582-6C19-4876-80DF-1657BE05E9C6}.Release|x64.ActiveCfg = Release|Any CPU
		{6C20E582-6C19-4876-80DF-1657BE05E9C6}.Release|x64.Build.0 = Release|Any CPU
		{6C20E582-6C19-4876-80DF-1657BE05E9C6}.Release|x86.ActiveCfg = Release|Any CPU
		{6C20E582-6C19-4876-80DF-1657BE05E9C6}.Release|x86.Build.0 = Release|Any CPU
		{854A3BAE-FA97-497B-A46D-0D64BB07A3D6}.Debug|Any CPU.ActiveCfg = Debug|Any CPU
		{854A3BAE-FA97-497B-A46D-0D64BB07A3D6}.Debug|Any CPU.Build.0 = Debug|Any CPU
		{854A3BAE-FA97-497B-A46D-0D64BB07A3D6}.Debug|x64.ActiveCfg = Debug|Any CPU
		{854A3BAE-FA97-497B-A46D-0D64BB07A3D6}.Debug|x64.Build.0 = Debug|Any CPU
		{854A3BAE-FA97-497B-A46D-0D64BB07A3D6}.Debug|x86.ActiveCfg = Debug|Any CPU
		{854A3BAE-FA97-497B-A46D-0D64BB07A3D6}.Debug|x86.Build.0 = Debug|Any CPU
		{854A3BAE-FA97-497B-A46D-0D64BB07A3D6}.Release|Any CPU.ActiveCfg = Release|Any CPU
		{854A3BAE-FA97-497B-A46D-0D64BB07A3D6}.Release|Any CPU.Build.0 = Release|Any CPU
		{854A3BAE-FA97-497B-A46D-0D64BB07A3D6}.Release|x64.ActiveCfg = Release|Any CPU
		{854A3BAE-FA97-497B-A46D-0D64BB07A3D6}.Release|x64.Build.0 = Release|Any CPU
		{854A3BAE-FA97-497B-A46D-0D64BB07A3D6}.Release|x86.ActiveCfg = Release|Any CPU
		{854A3BAE-FA97-497B-A46D-0D64BB07A3D6}.Release|x86.Build.0 = Release|Any CPU
		{E8CBCF57-5CB3-48D6-AFB5-796AC5B6CEF0}.Debug|Any CPU.ActiveCfg = Debug|Any CPU
		{E8CBCF57-5CB3-48D6-AFB5-796AC5B6CEF0}.Debug|Any CPU.Build.0 = Debug|Any CPU
		{E8CBCF57-5CB3-48D6-AFB5-796AC5B6CEF0}.Debug|x64.ActiveCfg = Debug|Any CPU
		{E8CBCF57-5CB3-48D6-AFB5-796AC5B6CEF0}.Debug|x64.Build.0 = Debug|Any CPU
		{E8CBCF57-5CB3-48D6-AFB5-796AC5B6CEF0}.Debug|x86.ActiveCfg = Debug|Any CPU
		{E8CBCF57-5CB3-48D6-AFB5-796AC5B6CEF0}.Debug|x86.Build.0 = Debug|Any CPU
		{E8CBCF57-5CB3-48D6-AFB5-796AC5B6CEF0}.Release|Any CPU.ActiveCfg = Release|Any CPU
		{E8CBCF57-5CB3-48D6-AFB5-796AC5B6CEF0}.Release|Any CPU.Build.0 = Release|Any CPU
		{E8CBCF57-5CB3-48D6-AFB5-796AC5B6CEF0}.Release|x64.ActiveCfg = Release|Any CPU
		{E8CBCF57-5CB3-48D6-AFB5-796AC5B6CEF0}.Release|x64.Build.0 = Release|Any CPU
		{E8CBCF57-5CB3-48D6-AFB5-796AC5B6CEF0}.Release|x86.ActiveCfg = Release|Any CPU
		{E8CBCF57-5CB3-48D6-AFB5-796AC5B6CEF0}.Release|x86.Build.0 = Release|Any CPU
		{65F43F5A-953C-4A6D-BE3F-5492FC69F3EB}.Debug|Any CPU.ActiveCfg = Debug|Any CPU
		{65F43F5A-953C-4A6D-BE3F-5492FC69F3EB}.Debug|Any CPU.Build.0 = Debug|Any CPU
		{65F43F5A-953C-4A6D-BE3F-5492FC69F3EB}.Debug|x64.ActiveCfg = Debug|Any CPU
		{65F43F5A-953C-4A6D-BE3F-5492FC69F3EB}.Debug|x64.Build.0 = Debug|Any CPU
		{65F43F5A-953C-4A6D-BE3F-5492FC69F3EB}.Debug|x86.ActiveCfg = Debug|Any CPU
		{65F43F5A-953C-4A6D-BE3F-5492FC69F3EB}.Debug|x86.Build.0 = Debug|Any CPU
		{65F43F5A-953C-4A6D-BE3F-5492FC69F3EB}.Release|Any CPU.ActiveCfg = Release|Any CPU
		{65F43F5A-953C-4A6D-BE3F-5492FC69F3EB}.Release|Any CPU.Build.0 = Release|Any CPU
		{65F43F5A-953C-4A6D-BE3F-5492FC69F3EB}.Release|x64.ActiveCfg = Release|Any CPU
		{65F43F5A-953C-4A6D-BE3F-5492FC69F3EB}.Release|x64.Build.0 = Release|Any CPU
		{65F43F5A-953C-4A6D-BE3F-5492FC69F3EB}.Release|x86.ActiveCfg = Release|Any CPU
		{65F43F5A-953C-4A6D-BE3F-5492FC69F3EB}.Release|x86.Build.0 = Release|Any CPU
		{6B45CABC-0853-451A-BAD7-270DDE23F155}.Debug|Any CPU.ActiveCfg = Debug|Any CPU
		{6B45CABC-0853-451A-BAD7-270DDE23F155}.Debug|Any CPU.Build.0 = Debug|Any CPU
		{6B45CABC-0853-451A-BAD7-270DDE23F155}.Debug|x64.ActiveCfg = Debug|Any CPU
		{6B45CABC-0853-451A-BAD7-270DDE23F155}.Debug|x64.Build.0 = Debug|Any CPU
		{6B45CABC-0853-451A-BAD7-270DDE23F155}.Debug|x86.ActiveCfg = Debug|Any CPU
		{6B45CABC-0853-451A-BAD7-270DDE23F155}.Debug|x86.Build.0 = Debug|Any CPU
		{6B45CABC-0853-451A-BAD7-270DDE23F155}.Release|Any CPU.ActiveCfg = Release|Any CPU
		{6B45CABC-0853-451A-BAD7-270DDE23F155}.Release|Any CPU.Build.0 = Release|Any CPU
		{6B45CABC-0853-451A-BAD7-270DDE23F155}.Release|x64.ActiveCfg = Release|Any CPU
		{6B45CABC-0853-451A-BAD7-270DDE23F155}.Release|x64.Build.0 = Release|Any CPU
		{6B45CABC-0853-451A-BAD7-270DDE23F155}.Release|x86.ActiveCfg = Release|Any CPU
		{6B45CABC-0853-451A-BAD7-270DDE23F155}.Release|x86.Build.0 = Release|Any CPU
		{3953230A-A3AC-414C-8A26-2E1D4605D270}.Debug|Any CPU.ActiveCfg = Debug|Any CPU
		{3953230A-A3AC-414C-8A26-2E1D4605D270}.Debug|Any CPU.Build.0 = Debug|Any CPU
		{3953230A-A3AC-414C-8A26-2E1D4605D270}.Debug|x64.ActiveCfg = Debug|Any CPU
		{3953230A-A3AC-414C-8A26-2E1D4605D270}.Debug|x64.Build.0 = Debug|Any CPU
		{3953230A-A3AC-414C-8A26-2E1D4605D270}.Debug|x86.ActiveCfg = Debug|Any CPU
		{3953230A-A3AC-414C-8A26-2E1D4605D270}.Debug|x86.Build.0 = Debug|Any CPU
		{3953230A-A3AC-414C-8A26-2E1D4605D270}.Release|Any CPU.ActiveCfg = Release|Any CPU
		{3953230A-A3AC-414C-8A26-2E1D4605D270}.Release|Any CPU.Build.0 = Release|Any CPU
		{3953230A-A3AC-414C-8A26-2E1D4605D270}.Release|x64.ActiveCfg = Release|Any CPU
		{3953230A-A3AC-414C-8A26-2E1D4605D270}.Release|x64.Build.0 = Release|Any CPU
		{3953230A-A3AC-414C-8A26-2E1D4605D270}.Release|x86.ActiveCfg = Release|Any CPU
		{3953230A-A3AC-414C-8A26-2E1D4605D270}.Release|x86.Build.0 = Release|Any CPU
		{27A6C94E-AFF2-4104-9F5D-8E585F890709}.Debug|Any CPU.ActiveCfg = Debug|Any CPU
		{27A6C94E-AFF2-4104-9F5D-8E585F890709}.Debug|Any CPU.Build.0 = Debug|Any CPU
		{27A6C94E-AFF2-4104-9F5D-8E585F890709}.Debug|x64.ActiveCfg = Debug|Any CPU
		{27A6C94E-AFF2-4104-9F5D-8E585F890709}.Debug|x64.Build.0 = Debug|Any CPU
		{27A6C94E-AFF2-4104-9F5D-8E585F890709}.Debug|x86.ActiveCfg = Debug|Any CPU
		{27A6C94E-AFF2-4104-9F5D-8E585F890709}.Debug|x86.Build.0 = Debug|Any CPU
		{27A6C94E-AFF2-4104-9F5D-8E585F890709}.Release|Any CPU.ActiveCfg = Release|Any CPU
		{27A6C94E-AFF2-4104-9F5D-8E585F890709}.Release|Any CPU.Build.0 = Release|Any CPU
		{27A6C94E-AFF2-4104-9F5D-8E585F890709}.Release|x64.ActiveCfg = Release|Any CPU
		{27A6C94E-AFF2-4104-9F5D-8E585F890709}.Release|x64.Build.0 = Release|Any CPU
		{27A6C94E-AFF2-4104-9F5D-8E585F890709}.Release|x86.ActiveCfg = Release|Any CPU
		{27A6C94E-AFF2-4104-9F5D-8E585F890709}.Release|x86.Build.0 = Release|Any CPU
	EndGlobalSection
	GlobalSection(SolutionProperties) = preSolution
		HideSolutionNode = FALSE
	EndGlobalSection
	GlobalSection(NestedProjects) = preSolution
		{6C20E582-6C19-4876-80DF-1657BE05E9C6} = {5095A63E-0C95-4352-8E6B-4586A9340BFB}
		{854A3BAE-FA97-497B-A46D-0D64BB07A3D6} = {5095A63E-0C95-4352-8E6B-4586A9340BFB}
		{E8CBCF57-5CB3-48D6-AFB5-796AC5B6CEF0} = {AAC7D1B4-C636-471D-8894-B1FA3D7995FB}
		{65F43F5A-953C-4A6D-BE3F-5492FC69F3EB} = {AAC7D1B4-C636-471D-8894-B1FA3D7995FB}
		{6B45CABC-0853-451A-BAD7-270DDE23F155} = {DD5CE7AE-185C-4AB5-A7AD-9CCB6051E804}
		{3953230A-A3AC-414C-8A26-2E1D4605D270} = {DD5CE7AE-185C-4AB5-A7AD-9CCB6051E804}
		{27A6C94E-AFF2-4104-9F5D-8E585F890709} = {2A1A75C2-9A91-4588-9ADD-046CB14463CA}
	EndGlobalSection
	GlobalSection(ExtensibilityGlobals) = postSolution
		SolutionGuid = {B8B82934-7EE0-4C86-9065-ADF9092553E1}
	EndGlobalSection
EndGlobal
